
Microsoft Visual Studio Solution File, Format Version 12.00
Project("{FAE04EC0-301F-11D3-BF4B-00C04F79EFBC}") = "BE_2025", "BE_2025\BE_2025.csproj", "{65513A7A-063A-45AF-826C-EA15522EBAD4}"
EndProject
Project("{FAE04EC0-301F-11D3-BF4B-00C04F79EFBC}") = "BE_2025.DataAccess", "BE_2025.DataAccess\BE_2025.DataAccess.csproj", "{E6E5D70A-8061-42C8-B2E3-1CF12BD5232E}"
EndProject
Project("{FAE04EC0-301F-11D3-BF4B-00C04F79EFBC}") = "BE_2025.Common", "BE_2025.Common\BE_2025.Common.csproj", "{940D7E3F-27F6-419A-B964-37A180B58D51}"
EndProject
Project("{2150E333-8FDC-42A3-9474-1A3956D46DE8}") = "DateTime", "DateTime", "{EED75C52-EC4C-4083-A6B5-BF68BEB63780}"
EndProject
Project("{FAE04EC0-301F-11D3-BF4B-00C04F79EFBC}") = "DateTime", "DateTime\DateTime.csproj", "{54961066-312E-409C-8C09-FBBFC34A8655}"
EndProject
Project("{2150E333-8FDC-42A3-9474-1A3956D46DE8}") = "Invoice", "Invoice", "{B28E2CD1-1283-4F7D-8B0C-B5ACE0EED208}"
EndProject
Project("{FAE04EC0-301F-11D3-BF4B-00C04F79EFBC}") = "Invoice_ConsoleApp", "Invoice_ConsoleApp\Invoice_ConsoleApp.csproj", "{BC3CDB63-063B-4FCF-BCD9-21BF0272506E}"
EndProject
Project("{FAE04EC0-301F-11D3-BF4B-00C04F79EFBC}") = "Invoice_DataAccess", "Invoice_DataAccess\Invoice_DataAccess.csproj", "{42E974E2-2F11-4EFA-AAA9-EE77C9B266CB}"
EndProject
Project("{FAE04EC0-301F-11D3-BF4B-00C04F79EFBC}") = "Invoice_Common", "Invoice_Common\Invoice_Common.csproj", "{9DE001D6-9E89-4498-B988-5CC6D656E0AE}"
EndProject
Global
	GlobalSection(SolutionConfigurationPlatforms) = preSolution
		Debug|Any CPU = Debug|Any CPU
		Release|Any CPU = Release|Any CPU
	EndGlobalSection
	GlobalSection(ProjectConfigurationPlatforms) = postSolution
		{65513A7A-063A-45AF-826C-EA15522EBAD4}.Debug|Any CPU.ActiveCfg = Debug|Any CPU
		{65513A7A-063A-45AF-826C-EA15522EBAD4}.Debug|Any CPU.Build.0 = Debug|Any CPU
		{65513A7A-063A-45AF-826C-EA15522EBAD4}.Release|Any CPU.ActiveCfg = Release|Any CPU
		{65513A7A-063A-45AF-826C-EA15522EBAD4}.Release|Any CPU.Build.0 = Release|Any CPU
		{E6E5D70A-8061-42C8-B2E3-1CF12BD5232E}.Debug|Any CPU.ActiveCfg = Debug|Any CPU
		{E6E5D70A-8061-42C8-B2E3-1CF12BD5232E}.Debug|Any CPU.Build.0 = Debug|Any CPU
		{E6E5D70A-8061-42C8-B2E3-1CF12BD5232E}.Release|Any CPU.ActiveCfg = Release|Any CPU
		{E6E5D70A-8061-42C8-B2E3-1CF12BD5232E}.Release|Any CPU.Build.0 = Release|Any CPU
		{940D7E3F-27F6-419A-B964-37A180B58D51}.Debug|Any CPU.ActiveCfg = Debug|Any CPU
		{940D7E3F-27F6-419A-B964-37A180B58D51}.Debug|Any CPU.Build.0 = Debug|Any CPU
		{940D7E3F-27F6-419A-B964-37A180B58D51}.Release|Any CPU.ActiveCfg = Release|Any CPU
		{940D7E3F-27F6-419A-B964-37A180B58D51}.Release|Any CPU.Build.0 = Release|Any CPU
		{54961066-312E-409C-8C09-FBBFC34A8655}.Debug|Any CPU.ActiveCfg = Debug|Any CPU
		{54961066-312E-409C-8C09-FBBFC34A8655}.Debug|Any CPU.Build.0 = Debug|Any CPU
		{54961066-312E-409C-8C09-FBBFC34A8655}.Release|Any CPU.ActiveCfg = Release|Any CPU
		{54961066-312E-409C-8C09-FBBFC34A8655}.Release|Any CPU.Build.0 = Release|Any CPU
		{BC3CDB63-063B-4FCF-BCD9-21BF0272506E}.Debug|Any CPU.ActiveCfg = Debug|Any CPU
		{BC3CDB63-063B-4FCF-BCD9-21BF0272506E}.Debug|Any CPU.Build.0 = Debug|Any CPU
		{BC3CDB63-063B-4FCF-BCD9-21BF0272506E}.Release|Any CPU.ActiveCfg = Release|Any CPU
		{BC3CDB63-063B-4FCF-BCD9-21BF0272506E}.Release|Any CPU.Build.0 = Release|Any CPU
		{42E974E2-2F11-4EFA-AAA9-EE77C9B266CB}.Debug|Any CPU.ActiveCfg = Debug|Any CPU
		{42E974E2-2F11-4EFA-AAA9-EE77C9B266CB}.Debug|Any CPU.Build.0 = Debug|Any CPU
		{42E974E2-2F11-4EFA-AAA9-EE77C9B266CB}.Release|Any CPU.ActiveCfg = Release|Any CPU
		{42E974E2-2F11-4EFA-AAA9-EE77C9B266CB}.Release|Any CPU.Build.0 = Release|Any CPU
		{9DE001D6-9E89-4498-B988-5CC6D656E0AE}.Debug|Any CPU.ActiveCfg = Debug|Any CPU
		{9DE001D6-9E89-4498-B988-5CC6D656E0AE}.Debug|Any CPU.Build.0 = Debug|Any CPU
		{9DE001D6-9E89-4498-B988-5CC6D656E0AE}.Release|Any CPU.ActiveCfg = Release|Any CPU
		{9DE001D6-9E89-4498-B988-5CC6D656E0AE}.Release|Any CPU.Build.0 = Release|Any CPU
	EndGlobalSection
	GlobalSection(NestedProjects) = preSolution
		{54961066-312E-409C-8C09-FBBFC34A8655} = {EED75C52-EC4C-4083-A6B5-BF68BEB63780}
		{BC3CDB63-063B-4FCF-BCD9-21BF0272506E} = {B28E2CD1-1283-4F7D-8B0C-B5ACE0EED208}
		{42E974E2-2F11-4EFA-AAA9-EE77C9B266CB} = {B28E2CD1-1283-4F7D-8B0C-B5ACE0EED208}
		{9DE001D6-9E89-4498-B988-5CC6D656E0AE} = {B28E2CD1-1283-4F7D-8B0C-B5ACE0EED208}
	EndGlobalSection
EndGlobal
