
Microsoft Visual Studio Solution File, Format Version 12.00
# Visual Studio Version 16
VisualStudioVersion = 25.0.1706.14
MinimumVisualStudioVersion = 10.0.40219.1
Project("{FAE04EC0-301F-11D3-BF4B-00C04F79EFBC}") = "Invoice_ConsoleApp", "Invoice_ConsoleApp.csproj", "{1003B41C-0511-4879-A60B-AB11E2C3F2A5}"
EndProject
Global
	GlobalSection(SolutionConfigurationPlatforms) = preSolution
		Debug|Any CPU = Debug|Any CPU
		Release|Any CPU = Release|Any CPU
	EndGlobalSection
	GlobalSection(ProjectConfigurationPlatforms) = postSolution
		{1003B41C-0511-4879-A60B-AB11E2C3F2A5}.Debug|Any CPU.ActiveCfg = Debug|Any CPU
		{1003B41C-0511-4879-A60B-AB11E2C3F2A5}.Debug|Any CPU.Build.0 = Debug|Any CPU
		{1003B41C-0511-4879-A60B-AB11E2C3F2A5}.Release|Any CPU.ActiveCfg = Release|Any CPU
		{1003B41C-0511-4879-A60B-AB11E2C3F2A5}.Release|Any CPU.Build.0 = Release|Any CPU
	EndGlobalSection
	GlobalSection(SolutionProperties) = preSolution
		HideSolutionNode = FALSE
	EndGlobalSection
	GlobalSection(ExtensibilityGlobals) = postSolution
		SolutionGuid = {25968D39-0B93-4EA7-9D8D-AF81C305866B}
	EndGlobalSection
EndGlobal
